
Microsoft Visual Studio Solution File, Format Version 12.00
# Visual Studio Version 16
VisualStudioVersion = 25.0.1705.2
MinimumVisualStudioVersion = 10.0.40219.1
Project("{FAE04EC0-301F-11D3-BF4B-00C04F79EFBC}") = "PokeAppAndroid", "PokeAppAndroid.csproj", "{2F56EB97-C162-42A6-B9F8-AF6CB72CD0F8}"
EndProject
Project("{FAE04EC0-301F-11D3-BF4B-00C04F79EFBC}") = "PokeAppiOS", "..\PokeAppiOS\PokeAppiOS.csproj", "{949797F3-67E3-4E55-A8FE-793348DC7BDD}"
EndProject
Project("{FAE04EC0-301F-11D3-BF4B-00C04F79EFBC}") = "SharedCode", "..\SharedCode\SharedCode.csproj", "{99DE3D1A-E3C2-4676-A9DD-848312F904DF}"
EndProject
Global
	GlobalSection(SolutionConfigurationPlatforms) = preSolution
		Debug|Any CPU = Debug|Any CPU
		Release|Any CPU = Release|Any CPU
		Debug|iPhoneSimulator = Debug|iPhoneSimulator
		Release|iPhoneSimulator = Release|iPhoneSimulator
		Debug|iPhone = Debug|iPhone
		Release|iPhone = Release|iPhone
	EndGlobalSection
	GlobalSection(ProjectConfigurationPlatforms) = postSolution
		{2F56EB97-C162-42A6-B9F8-AF6CB72CD0F8}.Debug|Any CPU.ActiveCfg = Debug|Any CPU
		{2F56EB97-C162-42A6-B9F8-AF6CB72CD0F8}.Debug|Any CPU.Build.0 = Debug|Any CPU
		{2F56EB97-C162-42A6-B9F8-AF6CB72CD0F8}.Release|Any CPU.ActiveCfg = Release|Any CPU
		{2F56EB97-C162-42A6-B9F8-AF6CB72CD0F8}.Release|Any CPU.Build.0 = Release|Any CPU
		{2F56EB97-C162-42A6-B9F8-AF6CB72CD0F8}.Debug|iPhoneSimulator.ActiveCfg = Debug|Any CPU
		{2F56EB97-C162-42A6-B9F8-AF6CB72CD0F8}.Debug|iPhoneSimulator.Build.0 = Debug|Any CPU
		{2F56EB97-C162-42A6-B9F8-AF6CB72CD0F8}.Release|iPhoneSimulator.ActiveCfg = Release|Any CPU
		{2F56EB97-C162-42A6-B9F8-AF6CB72CD0F8}.Release|iPhoneSimulator.Build.0 = Release|Any CPU
		{2F56EB97-C162-42A6-B9F8-AF6CB72CD0F8}.Debug|iPhone.ActiveCfg = Debug|Any CPU
		{2F56EB97-C162-42A6-B9F8-AF6CB72CD0F8}.Debug|iPhone.Build.0 = Debug|Any CPU
		{2F56EB97-C162-42A6-B9F8-AF6CB72CD0F8}.Release|iPhone.ActiveCfg = Release|Any CPU
		{2F56EB97-C162-42A6-B9F8-AF6CB72CD0F8}.Release|iPhone.Build.0 = Release|Any CPU
		{949797F3-67E3-4E55-A8FE-793348DC7BDD}.Debug|Any CPU.ActiveCfg = Debug|iPhoneSimulator
		{949797F3-67E3-4E55-A8FE-793348DC7BDD}.Debug|Any CPU.Build.0 = Debug|iPhoneSimulator
		{949797F3-67E3-4E55-A8FE-793348DC7BDD}.Release|Any CPU.ActiveCfg = Release|iPhoneSimulator
		{949797F3-67E3-4E55-A8FE-793348DC7BDD}.Release|Any CPU.Build.0 = Release|iPhoneSimulator
		{949797F3-67E3-4E55-A8FE-793348DC7BDD}.Debug|iPhoneSimulator.ActiveCfg = Debug|iPhoneSimulator
		{949797F3-67E3-4E55-A8FE-793348DC7BDD}.Debug|iPhoneSimulator.Build.0 = Debug|iPhoneSimulator
		{949797F3-67E3-4E55-A8FE-793348DC7BDD}.Release|iPhoneSimulator.ActiveCfg = Release|iPhoneSimulator
		{949797F3-67E3-4E55-A8FE-793348DC7BDD}.Release|iPhoneSimulator.Build.0 = Release|iPhoneSimulator
		{949797F3-67E3-4E55-A8FE-793348DC7BDD}.Debug|iPhone.ActiveCfg = Debug|iPhone
		{949797F3-67E3-4E55-A8FE-793348DC7BDD}.Debug|iPhone.Build.0 = Debug|iPhone
		{949797F3-67E3-4E55-A8FE-793348DC7BDD}.Release|iPhone.ActiveCfg = Release|iPhone
		{949797F3-67E3-4E55-A8FE-793348DC7BDD}.Release|iPhone.Build.0 = Release|iPhone
		{99DE3D1A-E3C2-4676-A9DD-848312F904DF}.Debug|Any CPU.ActiveCfg = Debug|Any CPU
		{99DE3D1A-E3C2-4676-A9DD-848312F904DF}.Debug|Any CPU.Build.0 = Debug|Any CPU
		{99DE3D1A-E3C2-4676-A9DD-848312F904DF}.Release|Any CPU.ActiveCfg = Release|Any CPU
		{99DE3D1A-E3C2-4676-A9DD-848312F904DF}.Release|Any CPU.Build.0 = Release|Any CPU
		{99DE3D1A-E3C2-4676-A9DD-848312F904DF}.Debug|iPhoneSimulator.ActiveCfg = Debug|Any CPU
		{99DE3D1A-E3C2-4676-A9DD-848312F904DF}.Debug|iPhoneSimulator.Build.0 = Debug|Any CPU
		{99DE3D1A-E3C2-4676-A9DD-848312F904DF}.Release|iPhoneSimulator.ActiveCfg = Release|Any CPU
		{99DE3D1A-E3C2-4676-A9DD-848312F904DF}.Release|iPhoneSimulator.Build.0 = Release|Any CPU
		{99DE3D1A-E3C2-4676-A9DD-848312F904DF}.Debug|iPhone.ActiveCfg = Debug|Any CPU
		{99DE3D1A-E3C2-4676-A9DD-848312F904DF}.Debug|iPhone.Build.0 = Debug|Any CPU
		{99DE3D1A-E3C2-4676-A9DD-848312F904DF}.Release|iPhone.ActiveCfg = Release|Any CPU
		{99DE3D1A-E3C2-4676-A9DD-848312F904DF}.Release|iPhone.Build.0 = Release|Any CPU
	EndGlobalSection
	GlobalSection(SolutionProperties) = preSolution
		HideSolutionNode = FALSE
	EndGlobalSection
	GlobalSection(ExtensibilityGlobals) = postSolution
		SolutionGuid = {2CBB69F0-B283-4D5D-ABD2-3A6122D89D3F}
	EndGlobalSection
EndGlobal
